
Microsoft Visual Studio Solution File, Format Version 12.00
# Visual Studio Version 16
VisualStudioVersion = 16.0.32802.440
MinimumVisualStudioVersion = 10.0.40219.1
Project("{FAE04EC0-301F-11D3-BF4B-00C04F79EFBC}") = "practice", "practice\practice.csproj", "{C5D1B040-D793-42E6-8410-D8EF31DB85F6}"
EndProject
Global
	GlobalSection(SolutionConfigurationPlatforms) = preSolution
		Debug|Any CPU = Debug|Any CPU
		Release|Any CPU = Release|Any CPU
	EndGlobalSection
	GlobalSection(ProjectConfigurationPlatforms) = postSolution
		{C5D1B040-D793-42E6-8410-D8EF31DB85F6}.Debug|Any CPU.ActiveCfg = Debug|Any CPU
		{C5D1B040-D793-42E6-8410-D8EF31DB85F6}.Debug|Any CPU.Build.0 = Debug|Any CPU
		{C5D1B040-D793-42E6-8410-D8EF31DB85F6}.Release|Any CPU.ActiveCfg = Release|Any CPU
		{C5D1B040-D793-42E6-8410-D8EF31DB85F6}.Release|Any CPU.Build.0 = Release|Any CPU
	EndGlobalSection
	GlobalSection(SolutionProperties) = preSolution
		HideSolutionNode = FALSE
	EndGlobalSection
	GlobalSection(ExtensibilityGlobals) = postSolution
		SolutionGuid = {55F27179-1E08-492F-A7F5-FC448E509D33}
	EndGlobalSection
EndGlobal
